
Microsoft Visual Studio Solution File, Format Version 12.00
# Visual Studio 2013
VisualStudioVersion = 12.0.31101.0
MinimumVisualStudioVersion = 10.0.40219.1
Project("{FAE04EC0-301F-11D3-BF4B-00C04F79EFBC}") = "Meplato.Store2", "Meplato.Store2\Meplato.Store2.csproj", "{5312BA13-1CA3-43E9-BD85-9CA7E37F1344}"
EndProject
Project("{FAE04EC0-301F-11D3-BF4B-00C04F79EFBC}") = "Meplato.Store2.Tests", "Meplato.Store2.Tests\Meplato.Store2.Tests.csproj", "{F37D2AD3-6E39-4F6B-9D60-387BF1F0FA9A}"
EndProject
Global
	GlobalSection(SolutionConfigurationPlatforms) = preSolution
		Debug|Any CPU = Debug|Any CPU
		Release|Any CPU = Release|Any CPU
	EndGlobalSection
	GlobalSection(ProjectConfigurationPlatforms) = postSolution
		{5312BA13-1CA3-43E9-BD85-9CA7E37F1344}.Debug|Any CPU.ActiveCfg = Debug|Any CPU
		{5312BA13-1CA3-43E9-BD85-9CA7E37F1344}.Debug|Any CPU.Build.0 = Debug|Any CPU
		{5312BA13-1CA3-43E9-BD85-9CA7E37F1344}.Release|Any CPU.ActiveCfg = Release|Any CPU
		{5312BA13-1CA3-43E9-BD85-9CA7E37F1344}.Release|Any CPU.Build.0 = Release|Any CPU
		{F37D2AD3-6E39-4F6B-9D60-387BF1F0FA9A}.Debug|Any CPU.ActiveCfg = Debug|Any CPU
		{F37D2AD3-6E39-4F6B-9D60-387BF1F0FA9A}.Debug|Any CPU.Build.0 = Debug|Any CPU
		{F37D2AD3-6E39-4F6B-9D60-387BF1F0FA9A}.Release|Any CPU.ActiveCfg = Release|Any CPU
		{F37D2AD3-6E39-4F6B-9D60-387BF1F0FA9A}.Release|Any CPU.Build.0 = Release|Any CPU
	EndGlobalSection
	GlobalSection(SolutionProperties) = preSolution
		HideSolutionNode = FALSE
	EndGlobalSection
EndGlobal
